
Microsoft Visual Studio Solution File, Format Version 12.00
# Visual Studio Version 17
VisualStudioVersion = 17.11.35327.3
MinimumVisualStudioVersion = 10.0.40219.1
Project("{FAE04EC0-301F-11D3-BF4B-00C04F79EFBC}") = "GameCaro", "GameCaro\GameCaro.csproj", "{66CAEB32-7954-478D-88A2-E754F1FE6739}"
EndProject
Global
	GlobalSection(SolutionConfigurationPlatforms) = preSolution
		Debug|Any CPU = Debug|Any CPU
		Release|Any CPU = Release|Any CPU
	EndGlobalSection
	GlobalSection(ProjectConfigurationPlatforms) = postSolution
		{66CAEB32-7954-478D-88A2-E754F1FE6739}.Debug|Any CPU.ActiveCfg = Debug|Any CPU
		{66CAEB32-7954-478D-88A2-E754F1FE6739}.Debug|Any CPU.Build.0 = Debug|Any CPU
		{66CAEB32-7954-478D-88A2-E754F1FE6739}.Release|Any CPU.ActiveCfg = Release|Any CPU
		{66CAEB32-7954-478D-88A2-E754F1FE6739}.Release|Any CPU.Build.0 = Release|Any CPU
	EndGlobalSection
	GlobalSection(SolutionProperties) = preSolution
		HideSolutionNode = FALSE
	EndGlobalSection
	GlobalSection(ExtensibilityGlobals) = postSolution
		SolutionGuid = {C250EF54-9C70-48DD-AD6B-83532548EE10}
	EndGlobalSection
EndGlobal
